// !$*UTF8*$!
{
	archiveVersion = 1;
	classes = {
	};
	objectVersion = 50;
	objects = {

/* Begin PBXBuildFile section */
		3EBF4BF925B102B600BA1140 /* AppDelegate.swift in Sources */ = {isa = PBXBuildFile; fileRef = 3EBF4BF825B102B600BA1140 /* AppDelegate.swift */; };
		3EBF4BFB25B102B600BA1140 /* SceneDelegate.swift in Sources */ = {isa = PBXBuildFile; fileRef = 3EBF4BFA25B102B600BA1140 /* SceneDelegate.swift */; };
		3EBF4BFD25B102B600BA1140 /* ViewController.swift in Sources */ = {isa = PBXBuildFile; fileRef = 3EBF4BFC25B102B600BA1140 /* ViewController.swift */; };
		3EBF4C0025B102B600BA1140 /* Main.storyboard in Resources */ = {isa = PBXBuildFile; fileRef = 3EBF4BFE25B102B600BA1140 /* Main.storyboard */; };
		3EBF4C0225B102BA00BA1140 /* Assets.xcassets in Resources */ = {isa = PBXBuildFile; fileRef = 3EBF4C0125B102BA00BA1140 /* Assets.xcassets */; };
		3EBF4C0525B102BA00BA1140 /* LaunchScreen.storyboard in Resources */ = {isa = PBXBuildFile; fileRef = 3EBF4C0325B102BA00BA1140 /* LaunchScreen.storyboard */; };
		3EBF4C1025B102BA00BA1140 /* Tip_Calculator___PreworkTests.swift in Sources */ = {isa = PBXBuildFile; fileRef = 3EBF4C0F25B102BA00BA1140 /* Tip_Calculator___PreworkTests.swift */; };
		3EBF4C1B25B102BA00BA1140 /* Tip_Calculator___PreworkUITests.swift in Sources */ = {isa = PBXBuildFile; fileRef = 3EBF4C1A25B102BA00BA1140 /* Tip_Calculator___PreworkUITests.swift */; };
/* End PBXBuildFile section */

/* Begin PBXContainerItemProxy section */
		3EBF4C0C25B102BA00BA1140 /* PBXContainerItemProxy */ = {
			isa = PBXContainerItemProxy;
			containerPortal = 3EBF4BED25B102B600BA1140 /* Project object */;
			proxyType = 1;
			remoteGlobalIDString = 3EBF4BF425B102B600BA1140;
			remoteInfo = "Tip Calculator - Prework";
		};
		3EBF4C1725B102BA00BA1140 /* PBXContainerItemProxy */ = {
			isa = PBXContainerItemProxy;
			containerPortal = 3EBF4BED25B102B600BA1140 /* Project object */;
			proxyType = 1;
			remoteGlobalIDString = 3EBF4BF425B102B600BA1140;
			remoteInfo = "Tip Calculator - Prework";
		};
/* End PBXContainerItemProxy section */

/* Begin PBXFileReference section */
		3EBF4BF525B102B600BA1140 /* Tip Calculator - Prework.app */ = {isa = PBXFileReference; explicitFileType = wrapper.application; includeInIndex = 0; path = "Tip Calculator - Prework.app"; sourceTree = BUILT_PRODUCTS_DIR; };
		3EBF4BF825B102B600BA1140 /* AppDelegate.swift */ = {isa = PBXFileReference; lastKnownFileType = sourcecode.swift; path = AppDelegate.swift; sourceTree = "<group>"; };
		3EBF4BFA25B102B600BA1140 /* SceneDelegate.swift */ = {isa = PBXFileReference; lastKnownFileType = sourcecode.swift; path = SceneDelegate.swift; sourceTree = "<group>"; };
		3EBF4BFC25B102B600BA1140 /* ViewController.swift */ = {isa = PBXFileReference; lastKnownFileType = sourcecode.swift; path = ViewController.swift; sourceTree = "<group>"; };
		3EBF4BFF25B102B600BA1140 /* Base */ = {isa = PBXFileReference; lastKnownFileType = file.storyboard; name = Base; path = Base.lproj/Main.storyboard; sourceTree = "<group>"; };
		3EBF4C0125B102BA00BA1140 /* Assets.xcassets */ = {isa = PBXFileReference; lastKnownFileType = folder.assetcatalog; path = Assets.xcassets; sourceTree = "<group>"; };
		3EBF4C0425B102BA00BA1140 /* Base */ = {isa = PBXFileReference; lastKnownFileType = file.storyboard; name = Base; path = Base.lproj/LaunchScreen.storyboard; sourceTree = "<group>"; };
		3EBF4C0625B102BA00BA1140 /* Info.plist */ = {isa = PBXFileReference; lastKnownFileType = text.plist.xml; path = Info.plist; sourceTree = "<group>"; };
		3EBF4C0B25B102BA00BA1140 /* Tip Calculator - PreworkTests.xctest */ = {isa = PBXFileReference; explicitFileType = wrapper.cfbundle; includeInIndex = 0; path = "Tip Calculator - PreworkTests.xctest"; sourceTree = BUILT_PRODUCTS_DIR; };
		3EBF4C0F25B102BA00BA1140 /* Tip_Calculator___PreworkTests.swift */ = {isa = PBXFileReference; lastKnownFileType = sourcecode.swift; path = "Tip_Calculator___PreworkTests.swift"; sourceTree = "<group>"; };
		3EBF4C1125B102BA00BA1140 /* Info.plist */ = {isa = PBXFileReference; lastKnownFileType = text.plist.xml; path = Info.plist; sourceTree = "<group>"; };
		3EBF4C1625B102BA00BA1140 /* Tip Calculator - PreworkUITests.xctest */ = {isa = PBXFileReference; explicitFileType = wrapper.cfbundle; includeInIndex = 0; path = "Tip Calculator - PreworkUITests.xctest"; sourceTree = BUILT_PRODUCTS_DIR; };
		3EBF4C1A25B102BA00BA1140 /* Tip_Calculator___PreworkUITests.swift */ = {isa = PBXFileReference; lastKnownFileType = sourcecode.swift; path = "Tip_Calculator___PreworkUITests.swift"; sourceTree = "<group>"; };
		3EBF4C1C25B102BA00BA1140 /* Info.plist */ = {isa = PBXFileReference; lastKnownFileType = text.plist.xml; path = Info.plist; sourceTree = "<group>"; };
/* End PBXFileReference section */

/* Begin PBXFrameworksBuildPhase section */
		3EBF4BF225B102B600BA1140 /* Frameworks */ = {
			isa = PBXFrameworksBuildPhase;
			buildActionMask = 2147483647;
			files = (
			);
			runOnlyForDeploymentPostprocessing = 0;
		};
		3EBF4C0825B102BA00BA1140 /* Frameworks */ = {
			isa = PBXFrameworksBuildPhase;
			buildActionMask = 2147483647;
			files = (
			);
			runOnlyForDeploymentPostprocessing = 0;
		};
		3EBF4C1325B102BA00BA1140 /* Frameworks */ = {
			isa = PBXFrameworksBuildPhase;
			buildActionMask = 2147483647;
			files = (
			);
			runOnlyForDeploymentPostprocessing = 0;
		};
/* End PBXFrameworksBuildPhase section */

/* Begin PBXGroup section */
		3EBF4BEC25B102B600BA1140 = {
			isa = PBXGroup;
			children = (
				3EBF4BF725B102B600BA1140 /* Tip Calculator - Prework */,
				3EBF4C0E25B102BA00BA1140 /* Tip Calculator - PreworkTests */,
				3EBF4C1925B102BA00BA1140 /* Tip Calculator - PreworkUITests */,
				3EBF4BF625B102B600BA1140 /* Products */,
			);
			sourceTree = "<group>";
		};
		3EBF4BF625B102B600BA1140 /* Products */ = {
			isa = PBXGroup;
			children = (
				3EBF4BF525B102B600BA1140 /* Tip Calculator - Prework.app */,
				3EBF4C0B25B102BA00BA1140 /* Tip Calculator - PreworkTests.xctest */,
				3EBF4C1625B102BA00BA1140 /* Tip Calculator - PreworkUITests.xctest */,
			);
			name = Products;
			sourceTree = "<group>";
		};
		3EBF4BF725B102B600BA1140 /* Tip Calculator - Prework */ = {
			isa = PBXGroup;
			children = (
				3EBF4BF825B102B600BA1140 /* AppDelegate.swift */,
				3EBF4BFA25B102B600BA1140 /* SceneDelegate.swift */,
				3EBF4BFC25B102B600BA1140 /* ViewController.swift */,
				3EBF4BFE25B102B600BA1140 /* Main.storyboard */,
				3EBF4C0125B102BA00BA1140 /* Assets.xcassets */,
				3EBF4C0325B102BA00BA1140 /* LaunchScreen.storyboard */,
				3EBF4C0625B102BA00BA1140 /* Info.plist */,
			);
			path = "Tip Calculator - Prework";
			sourceTree = "<group>";
		};
		3EBF4C0E25B102BA00BA1140 /* Tip Calculator - PreworkTests */ = {
			isa = PBXGroup;
			children = (
				3EBF4C0F25B102BA00BA1140 /* Tip_Calculator___PreworkTests.swift */,
				3EBF4C1125B102BA00BA1140 /* Info.plist */,
			);
			path = "Tip Calculator - PreworkTests";
			sourceTree = "<group>";
		};
		3EBF4C1925B102BA00BA1140 /* Tip Calculator - PreworkUITests */ = {
			isa = PBXGroup;
			children = (
				3EBF4C1A25B102BA00BA1140 /* Tip_Calculator___PreworkUITests.swift */,
				3EBF4C1C25B102BA00BA1140 /* Info.plist */,
			);
			path = "Tip Calculator - PreworkUITests";
			sourceTree = "<group>";
		};
/* End PBXGroup section */

/* Begin PBXNativeTarget section */
		3EBF4BF425B102B600BA1140 /* Tip Calculator - Prework */ = {
			isa = PBXNativeTarget;
			buildConfigurationList = 3EBF4C1F25B102BA00BA1140 /* Build configuration list for PBXNativeTarget "Tip Calculator - Prework" */;
			buildPhases = (
				3EBF4BF125B102B600BA1140 /* Sources */,
				3EBF4BF225B102B600BA1140 /* Frameworks */,
				3EBF4BF325B102B600BA1140 /* Resources */,
			);
			buildRules = (
			);
			dependencies = (
			);
			name = "Tip Calculator - Prework";
			productName = "Tip Calculator - Prework";
			productReference = 3EBF4BF525B102B600BA1140 /* Tip Calculator - Prework.app */;
			productType = "com.apple.product-type.application";
		};
		3EBF4C0A25B102BA00BA1140 /* Tip Calculator - PreworkTests */ = {
			isa = PBXNativeTarget;
			buildConfigurationList = 3EBF4C2225B102BA00BA1140 /* Build configuration list for PBXNativeTarget "Tip Calculator - PreworkTests" */;
			buildPhases = (
				3EBF4C0725B102BA00BA1140 /* Sources */,
				3EBF4C0825B102BA00BA1140 /* Frameworks */,
				3EBF4C0925B102BA00BA1140 /* Resources */,
			);
			buildRules = (
			);
			dependencies = (
				3EBF4C0D25B102BA00BA1140 /* PBXTargetDependency */,
			);
			name = "Tip Calculator - PreworkTests";
			productName = "Tip Calculator - PreworkTests";
			productReference = 3EBF4C0B25B102BA00BA1140 /* Tip Calculator - PreworkTests.xctest */;
			productType = "com.apple.product-type.bundle.unit-test";
		};
		3EBF4C1525B102BA00BA1140 /* Tip Calculator - PreworkUITests */ = {
			isa = PBXNativeTarget;
			buildConfigurationList = 3EBF4C2525B102BA00BA1140 /* Build configuration list for PBXNativeTarget "Tip Calculator - PreworkUITests" */;
			buildPhases = (
				3EBF4C1225B102BA00BA1140 /* Sources */,
				3EBF4C1325B102BA00BA1140 /* Frameworks */,
				3EBF4C1425B102BA00BA1140 /* Resources */,
			);
			buildRules = (
			);
			dependencies = (
				3EBF4C1825B102BA00BA1140 /* PBXTargetDependency */,
			);
			name = "Tip Calculator - PreworkUITests";
			productName = "Tip Calculator - PreworkUITests";
			productReference = 3EBF4C1625B102BA00BA1140 /* Tip Calculator - PreworkUITests.xctest */;
			productType = "com.apple.product-type.bundle.ui-testing";
		};
/* End PBXNativeTarget section */

/* Begin PBXProject section */
		3EBF4BED25B102B600BA1140 /* Project object */ = {
			isa = PBXProject;
			attributes = {
				LastSwiftUpdateCheck = 1230;
				LastUpgradeCheck = 1230;
				TargetAttributes = {
					3EBF4BF425B102B600BA1140 = {
						CreatedOnToolsVersion = 12.3;
					};
					3EBF4C0A25B102BA00BA1140 = {
						CreatedOnToolsVersion = 12.3;
						TestTargetID = 3EBF4BF425B102B600BA1140;
					};
					3EBF4C1525B102BA00BA1140 = {
						CreatedOnToolsVersion = 12.3;
						TestTargetID = 3EBF4BF425B102B600BA1140;
					};
				};
			};
			buildConfigurationList = 3EBF4BF025B102B600BA1140 /* Build configuration list for PBXProject "Tip Calculator - Prework" */;
			compatibilityVersion = "Xcode 9.3";
			developmentRegion = en;
			hasScannedForEncodings = 0;
			knownRegions = (
				en,
				Base,
			);
			mainGroup = 3EBF4BEC25B102B600BA1140;
			productRefGroup = 3EBF4BF625B102B600BA1140 /* Products */;
			projectDirPath = "";
			projectRoot = "";
			targets = (
				3EBF4BF425B102B600BA1140 /* Tip Calculator - Prework */,
				3EBF4C0A25B102BA00BA1140 /* Tip Calculator - PreworkTests */,
				3EBF4C1525B102BA00BA1140 /* Tip Calculator - PreworkUITests */,
			);
		};
/* End PBXProject section */

/* Begin PBXResourcesBuildPhase section */
		3EBF4BF325B102B600BA1140 /* Resources */ = {
			isa = PBXResourcesBuildPhase;
			buildActionMask = 2147483647;
			files = (
				3EBF4C0525B102BA00BA1140 /* LaunchScreen.storyboard in Resources */,
				3EBF4C0225B102BA00BA1140 /* Assets.xcassets in Resources */,
				3EBF4C0025B102B600BA1140 /* Main.storyboard in Resources */,
			);
			runOnlyForDeploymentPostprocessing = 0;
		};
		3EBF4C0925B102BA00BA1140 /* Resources */ = {
			isa = PBXResourcesBuildPhase;
			buildActionMask = 2147483647;
			files = (
			);
			runOnlyForDeploymentPostprocessing = 0;
		};
		3EBF4C1425B102BA00BA1140 /* Resources */ = {
			isa = PBXResourcesBuildPhase;
			buildActionMask = 2147483647;
			files = (
			);
			runOnlyForDeploymentPostprocessing = 0;
		};
/* End PBXResourcesBuildPhase section */

/* Begin PBXSourcesBuildPhase section */
		3EBF4BF125B102B600BA1140 /* Sources */ = {
			isa = PBXSourcesBuildPhase;
			buildActionMask = 2147483647;
			files = (
				3EBF4BFD25B102B600BA1140 /* ViewController.swift in Sources */,
				3EBF4BF925B102B600BA1140 /* AppDelegate.swift in Sources */,
				3EBF4BFB25B102B600BA1140 /* SceneDelegate.swift in Sources */,
			);
			runOnlyForDeploymentPostprocessing = 0;
		};
		3EBF4C0725B102BA00BA1140 /* Sources */ = {
			isa = PBXSourcesBuildPhase;
			buildActionMask = 2147483647;
			files = (
				3EBF4C1025B102BA00BA1140 /* Tip_Calculator___PreworkTests.swift in Sources */,
			);
			runOnlyForDeploymentPostprocessing = 0;
		};
		3EBF4C1225B102BA00BA1140 /* Sources */ = {
			isa = PBXSourcesBuildPhase;
			buildActionMask = 2147483647;
			files = (
				3EBF4C1B25B102BA00BA1140 /* Tip_Calculator___PreworkUITests.swift in Sources */,
			);
			runOnlyForDeploymentPostprocessing = 0;
		};
/* End PBXSourcesBuildPhase section */

/* Begin PBXTargetDependency section */
		3EBF4C0D25B102BA00BA1140 /* PBXTargetDependency */ = {
			isa = PBXTargetDependency;
			target = 3EBF4BF425B102B600BA1140 /* Tip Calculator - Prework */;
			targetProxy = 3EBF4C0C25B102BA00BA1140 /* PBXContainerItemProxy */;
		};
		3EBF4C1825B102BA00BA1140 /* PBXTargetDependency */ = {
			isa = PBXTargetDependency;
			target = 3EBF4BF425B102B600BA1140 /* Tip Calculator - Prework */;
			targetProxy = 3EBF4C1725B102BA00BA1140 /* PBXContainerItemProxy */;
		};
/* End PBXTargetDependency section */

/* Begin PBXVariantGroup section */
		3EBF4BFE25B102B600BA1140 /* Main.storyboard */ = {
			isa = PBXVariantGroup;
			children = (
				3EBF4BFF25B102B600BA1140 /* Base */,
			);
			name = Main.storyboard;
			sourceTree = "<group>";
		};
		3EBF4C0325B102BA00BA1140 /* LaunchScreen.storyboard */ = {
			isa = PBXVariantGroup;
			children = (
				3EBF4C0425B102BA00BA1140 /* Base */,
			);
			name = LaunchScreen.storyboard;
			sourceTree = "<group>";
		};
/* End PBXVariantGroup section */

/* Begin XCBuildConfiguration section */
		3EBF4C1D25B102BA00BA1140 /* Debug */ = {
			isa = XCBuildConfiguration;
			buildSettings = {
				ALWAYS_SEARCH_USER_PATHS = NO;
				CLANG_ANALYZER_NONNULL = YES;
				CLANG_ANALYZER_NUMBER_OBJECT_CONVERSION = YES_AGGRESSIVE;
				CLANG_CXX_LANGUAGE_STANDARD = "gnu++14";
				CLANG_CXX_LIBRARY = "libc++";
				CLANG_ENABLE_MODULES = YES;
				CLANG_ENABLE_OBJC_ARC = YES;
				CLANG_ENABLE_OBJC_WEAK = YES;
				CLANG_WARN_BLOCK_CAPTURE_AUTORELEASING = YES;
				CLANG_WARN_BOOL_CONVERSION = YES;
				CLANG_WARN_COMMA = YES;
				CLANG_WARN_CONSTANT_CONVERSION = YES;
				CLANG_WARN_DEPRECATED_OBJC_IMPLEMENTATIONS = YES;
				CLANG_WARN_DIRECT_OBJC_ISA_USAGE = YES_ERROR;
				CLANG_WARN_DOCUMENTATION_COMMENTS = YES;
				CLANG_WARN_EMPTY_BODY = YES;
				CLANG_WARN_ENUM_CONVERSION = YES;
				CLANG_WARN_INFINITE_RECURSION = YES;
				CLANG_WARN_INT_CONVERSION = YES;
				CLANG_WARN_NON_LITERAL_NULL_CONVERSION = YES;
				CLANG_WARN_OBJC_IMPLICIT_RETAIN_SELF = YES;
				CLANG_WARN_OBJC_LITERAL_CONVERSION = YES;
				CLANG_WARN_OBJC_ROOT_CLASS = YES_ERROR;
				CLANG_WARN_QUOTED_INCLUDE_IN_FRAMEWORK_HEADER = YES;
				CLANG_WARN_RANGE_LOOP_ANALYSIS = YES;
				CLANG_WARN_STRICT_PROTOTYPES = YES;
				CLANG_WARN_SUSPICIOUS_MOVE = YES;
				CLANG_WARN_UNGUARDED_AVAILABILITY = YES_AGGRESSIVE;
				CLANG_WARN_UNREACHABLE_CODE = YES;
				CLANG_WARN__DUPLICATE_METHOD_MATCH = YES;
				COPY_PHASE_STRIP = NO;
				DEBUG_INFORMATION_FORMAT = dwarf;
				ENABLE_STRICT_OBJC_MSGSEND = YES;
				ENABLE_TESTABILITY = YES;
				GCC_C_LANGUAGE_STANDARD = gnu11;
				GCC_DYNAMIC_NO_PIC = NO;
				GCC_NO_COMMON_BLOCKS = YES;
				GCC_OPTIMIZATION_LEVEL = 0;
				GCC_PREPROCESSOR_DEFINITIONS = (
					"DEBUG=1",
					"$(inherited)",
				);
				GCC_WARN_64_TO_32_BIT_CONVERSION = YES;
				GCC_WARN_ABOUT_RETURN_TYPE = YES_ERROR;
				GCC_WARN_UNDECLARED_SELECTOR = YES;
				GCC_WARN_UNINITIALIZED_AUTOS = YES_AGGRESSIVE;
				GCC_WARN_UNUSED_FUNCTION = YES;
				GCC_WARN_UNUSED_VARIABLE = YES;
				IPHONEOS_DEPLOYMENT_TARGET = 14.3;
				MTL_ENABLE_DEBUG_INFO = INCLUDE_SOURCE;
				MTL_FAST_MATH = YES;
				ONLY_ACTIVE_ARCH = YES;
				SDKROOT = iphoneos;
				SWIFT_ACTIVE_COMPILATION_CONDITIONS = DEBUG;
				SWIFT_OPTIMIZATION_LEVEL = "-Onone";
			};
			name = Debug;
		};
		3EBF4C1E25B102BA00BA1140 /* Release */ = {
			isa = XCBuildConfiguration;
			buildSettings = {
				ALWAYS_SEARCH_USER_PATHS = NO;
				CLANG_ANALYZER_NONNULL = YES;
				CLANG_ANALYZER_NUMBER_OBJECT_CONVERSION = YES_AGGRESSIVE;
				CLANG_CXX_LANGUAGE_STANDARD = "gnu++14";
				CLANG_CXX_LIBRARY = "libc++";
				CLANG_ENABLE_MODULES = YES;
				CLANG_ENABLE_OBJC_ARC = YES;
				CLANG_ENABLE_OBJC_WEAK = YES;
				CLANG_WARN_BLOCK_CAPTURE_AUTORELEASING = YES;
				CLANG_WARN_BOOL_CONVERSION = YES;
				CLANG_WARN_COMMA = YES;
				CLANG_WARN_CONSTANT_CONVERSION = YES;
				CLANG_WARN_DEPRECATED_OBJC_IMPLEMENTATIONS = YES;
				CLANG_WARN_DIRECT_OBJC_ISA_USAGE = YES_ERROR;
				CLANG_WARN_DOCUMENTATION_COMMENTS = YES;
				CLANG_WARN_EMPTY_BODY = YES;
				CLANG_WARN_ENUM_CONVERSION = YES;
				CLANG_WARN_INFINITE_RECURSION = YES;
				CLANG_WARN_INT_CONVERSION = YES;
				CLANG_WARN_NON_LITERAL_NULL_CONVERSION = YES;
				CLANG_WARN_OBJC_IMPLICIT_RETAIN_SELF = YES;
				CLANG_WARN_OBJC_LITERAL_CONVERSION = YES;
				CLANG_WARN_OBJC_ROOT_CLASS = YES_ERROR;
				CLANG_WARN_QUOTED_INCLUDE_IN_FRAMEWORK_HEADER = YES;
				CLANG_WARN_RANGE_LOOP_ANALYSIS = YES;
				CLANG_WARN_STRICT_PROTOTYPES = YES;
				CLANG_WARN_SUSPICIOUS_MOVE = YES;
				CLANG_WARN_UNGUARDED_AVAILABILITY = YES_AGGRESSIVE;
				CLANG_WARN_UNREACHABLE_CODE = YES;
				CLANG_WARN__DUPLICATE_METHOD_MATCH = YES;
				COPY_PHASE_STRIP = NO;
				DEBUG_INFORMATION_FORMAT = "dwarf-with-dsym";
				ENABLE_NS_ASSERTIONS = NO;
				ENABLE_STRICT_OBJC_MSGSEND = YES;
				GCC_C_LANGUAGE_STANDARD = gnu11;
				GCC_NO_COMMON_BLOCKS = YES;
				GCC_WARN_64_TO_32_BIT_CONVERSION = YES;
				GCC_WARN_ABOUT_RETURN_TYPE = YES_ERROR;
				GCC_WARN_UNDECLARED_SELECTOR = YES;
				GCC_WARN_UNINITIALIZED_AUTOS = YES_AGGRESSIVE;
				GCC_WARN_UNUSED_FUNCTION = YES;
				GCC_WARN_UNUSED_VARIABLE = YES;
				IPHONEOS_DEPLOYMENT_TARGET = 14.3;
				MTL_ENABLE_DEBUG_INFO = NO;
				MTL_FAST_MATH = YES;
				SDKROOT = iphoneos;
				SWIFT_COMPILATION_MODE = wholemodule;
				SWIFT_OPTIMIZATION_LEVEL = "-O";
				VALIDATE_PRODUCT = YES;
			};
			name = Release;
		};
		3EBF4C2025B102BA00BA1140 /* Debug */ = {
			isa = XCBuildConfiguration;
			buildSettings = {
				ASSETCATALOG_COMPILER_APPICON_NAME = AppIcon;
				ASSETCATALOG_COMPILER_GLOBAL_ACCENT_COLOR_NAME = AccentColor;
				CODE_SIGN_STYLE = Automatic;
				INFOPLIST_FILE = "Tip Calculator - Prework/Info.plist";
				LD_RUNPATH_SEARCH_PATHS = (
					"$(inherited)",
					"@executable_path/Frameworks",
				);
				PRODUCT_BUNDLE_IDENTIFIER = "Carlos.Tip-Calculator---Prework";
				PRODUCT_NAME = "$(TARGET_NAME)";
				SWIFT_VERSION = 5.0;
				TARGETED_DEVICE_FAMILY = "1,2";
			};
			name = Debug;
		};
		3EBF4C2125B102BA00BA1140 /* Release */ = {
			isa = XCBuildConfiguration;
			buildSettings = {
				ASSETCATALOG_COMPILER_APPICON_NAME = AppIcon;
				ASSETCATALOG_COMPILER_GLOBAL_ACCENT_COLOR_NAME = AccentColor;
				CODE_SIGN_STYLE = Automatic;
				INFOPLIST_FILE = "Tip Calculator - Prework/Info.plist";
				LD_RUNPATH_SEARCH_PATHS = (
					"$(inherited)",
					"@executable_path/Frameworks",
				);
				PRODUCT_BUNDLE_IDENTIFIER = "Carlos.Tip-Calculator---Prework";
				PRODUCT_NAME = "$(TARGET_NAME)";
				SWIFT_VERSION = 5.0;
				TARGETED_DEVICE_FAMILY = "1,2";
			};
			name = Release;
		};
		3EBF4C2325B102BA00BA1140 /* Debug */ = {
			isa = XCBuildConfiguration;
			buildSettings = {
				ALWAYS_EMBED_SWIFT_STANDARD_LIBRARIES = YES;
				BUNDLE_LOADER = "$(TEST_HOST)";
				CODE_SIGN_STYLE = Automatic;
				INFOPLIST_FILE = "Tip Calculator - PreworkTests/Info.plist";
				IPHONEOS_DEPLOYMENT_TARGET = 14.3;
				LD_RUNPATH_SEARCH_PATHS = (
					"$(inherited)",
					"@executable_path/Frameworks",
					"@loader_path/Frameworks",
				);
				PRODUCT_BUNDLE_IDENTIFIER = "Carlos.Tip-Calculator---PreworkTests";
				PRODUCT_NAME = "$(TARGET_NAME)";
				SWIFT_VERSION = 5.0;
				TARGETED_DEVICE_FAMILY = "1,2";
				TEST_HOST = "$(BUILT_PRODUCTS_DIR)/Tip Calculator - Prework.app/Tip Calculator - Prework";
			};
			name = Debug;
		};
		3EBF4C2425B102BA00BA1140 /* Release */ = {
			isa = XCBuildConfiguration;
			buildSettings = {
				ALWAYS_EMBED_SWIFT_STANDARD_LIBRARIES = YES;
				BUNDLE_LOADER = "$(TEST_HOST)";
				CODE_SIGN_STYLE = Automatic;
				INFOPLIST_FILE = "Tip Calculator - PreworkTests/Info.plist";
				IPHONEOS_DEPLOYMENT_TARGET = 14.3;
				LD_RUNPATH_SEARCH_PATHS = (
					"$(inherited)",
					"@executable_path/Frameworks",
					"@loader_path/Frameworks",
				);
				PRODUCT_BUNDLE_IDENTIFIER = "Carlos.Tip-Calculator---PreworkTests";
				PRODUCT_NAME = "$(TARGET_NAME)";
				SWIFT_VERSION = 5.0;
				TARGETED_DEVICE_FAMILY = "1,2";
				TEST_HOST = "$(BUILT_PRODUCTS_DIR)/Tip Calculator - Prework.app/Tip Calculator - Prework";
			};
			name = Release;
		};
		3EBF4C2625B102BA00BA1140 /* Debug */ = {
			isa = XCBuildConfiguration;
			buildSettings = {
				ALWAYS_EMBED_SWIFT_STANDARD_LIBRARIES = YES;
				CODE_SIGN_STYLE = Automatic;
				INFOPLIST_FILE = "Tip Calculator - PreworkUITests/Info.plist";
				LD_RUNPATH_SEARCH_PATHS = (
					"$(inherited)",
					"@executable_path/Frameworks",
					"@loader_path/Frameworks",
				);
				PRODUCT_BUNDLE_IDENTIFIER = "Carlos.Tip-Calculator---PreworkUITests";
				PRODUCT_NAME = "$(TARGET_NAME)";
				SWIFT_VERSION = 5.0;
				TARGETED_DEVICE_FAMILY = "1,2";
				TEST_TARGET_NAME = "Tip Calculator - Prework";
			};
			name = Debug;
		};
		3EBF4C2725B102BA00BA1140 /* Release */ = {
			isa = XCBuildConfiguration;
			buildSettings = {
				ALWAYS_EMBED_SWIFT_STANDARD_LIBRARIES = YES;
				CODE_SIGN_STYLE = Automatic;
				INFOPLIST_FILE = "Tip Calculator - PreworkUITests/Info.plist";
				LD_RUNPATH_SEARCH_PATHS = (
					"$(inherited)",
					"@executable_path/Frameworks",
					"@loader_path/Frameworks",
				);
				PRODUCT_BUNDLE_IDENTIFIER = "Carlos.Tip-Calculator---PreworkUITests";
				PRODUCT_NAME = "$(TARGET_NAME)";
				SWIFT_VERSION = 5.0;
				TARGETED_DEVICE_FAMILY = "1,2";
				TEST_TARGET_NAME = "Tip Calculator - Prework";
			};
			name = Release;
		};
/* End XCBuildConfiguration section */

/* Begin XCConfigurationList section */
		3EBF4BF025B102B600BA1140 /* Build configuration list for PBXProject "Tip Calculator - Prework" */ = {
			isa = XCConfigurationList;
			buildConfigurations = (
				3EBF4C1D25B102BA00BA1140 /* Debug */,
				3EBF4C1E25B102BA00BA1140 /* Release */,
			);
			defaultConfigurationIsVisible = 0;
			defaultConfigurationName = Release;
		};
		3EBF4C1F25B102BA00BA1140 /* Build configuration list for PBXNativeTarget "Tip Calculator - Prework" */ = {
			isa = XCConfigurationList;
			buildConfigurations = (
				3EBF4C2025B102BA00BA1140 /* Debug */,
				3EBF4C2125B102BA00BA1140 /* Release */,
			);
			defaultConfigurationIsVisible = 0;
			defaultConfigurationName = Release;
		};
		3EBF4C2225B102BA00BA1140 /* Build configuration list for PBXNativeTarget "Tip Calculator - PreworkTests" */ = {
			isa = XCConfigurationList;
			buildConfigurations = (
				3EBF4C2325B102BA00BA1140 /* Debug */,
				3EBF4C2425B102BA00BA1140 /* Release */,
			);
			defaultConfigurationIsVisible = 0;
			defaultConfigurationName = Release;
		};
		3EBF4C2525B102BA00BA1140 /* Build configuration list for PBXNativeTarget "Tip Calculator - PreworkUITests" */ = {
			isa = XCConfigurationList;
			buildConfigurations = (
				3EBF4C2625B102BA00BA1140 /* Debug */,
				3EBF4C2725B102BA00BA1140 /* Release */,
			);
			defaultConfigurationIsVisible = 0;
			defaultConfigurationName = Release;
		};
/* End XCConfigurationList section */
	};
	rootObject = 3EBF4BED25B102B600BA1140 /* Project object */;
}
